{
  "name": "public",
  "version": "1.0.0",
  "lockfileVersion": 1,
  "requires": true,
  "dependencies": {
    "covid": {
      "version": "0.0.1",
      "resolved": "https://registry.npmjs.org/covid/-/covid-0.0.1.tgz",
      "integrity": "sha512-JYnrLH7uFoqXIxQ+Gdu7jk9+vPrdBLTZ26fZexVCDH2RztrcFrR7DMwI/Beu7Kcq2EfPwjffC5XvtmUnSqrQlg=="
    }
  }
}
